
Microsoft Visual Studio Solution File, Format Version 12.00
# Visual Studio 2012
Project("{FAE04EC0-301F-11D3-BF4B-00C04F79EFBC}") = "Net40", "Net40.csproj", "{064B8029-B761-43FC-8844-0488E8EF9EEC}"
EndProject
Project("{FAE04EC0-301F-11D3-BF4B-00C04F79EFBC}") = "Net35", "Net35.csproj", "{B21FC6C7-3FF3-4AEB-AE94-F0501E54201E}"
EndProject
Project("{FAE04EC0-301F-11D3-BF4B-00C04F79EFBC}") = "NuGet", "NuGet.csproj", "{B4234A52-83A2-4FCE-91BD-25F7D9485AC6}"
EndProject
Project("{FAE04EC0-301F-11D3-BF4B-00C04F79EFBC}") = "Tests", "Tests\Tests.csproj", "{75155A5B-0333-4078-942A-ABEBE1F8EA25}"
EndProject
Project("{2150E333-8FDC-42A3-9474-1A3956D46DE8}") = "Mocks", "Mocks", "{892054EE-DA1B-4BDE-A38E-F1A3233A36C4}"
EndProject
Project("{FAE04EC0-301F-11D3-BF4B-00C04F79EFBC}") = "NuGet", "Mocks\NuGet.csproj", "{FA7F9296-BC86-456C-99BF-257AE8D74CCB}"
EndProject
Project("{FAE04EC0-301F-11D3-BF4B-00C04F79EFBC}") = "Net35", "Mocks\Net35.csproj", "{4605DC36-69FC-44DD-85BF-7648C476B004}"
EndProject
Project("{2150E333-8FDC-42A3-9474-1A3956D46DE8}") = ".nuget", ".nuget", "{93022026-DFB6-4322-A2AB-954EB8180BAB}"
	ProjectSection(SolutionItems) = preProject
		.nuget\NuGet.config = .nuget\NuGet.config
		.nuget\NuGet.exe = .nuget\NuGet.exe
		.nuget\NuGet.targets = .nuget\NuGet.targets
	EndProjectSection
EndProject
Global
	GlobalSection(SolutionConfigurationPlatforms) = preSolution
		Debug|Any CPU = Debug|Any CPU
		Debug|Mixed Platforms = Debug|Mixed Platforms
		Debug|x86 = Debug|x86
		Release|Any CPU = Release|Any CPU
		Release|Mixed Platforms = Release|Mixed Platforms
		Release|x86 = Release|x86
	EndGlobalSection
	GlobalSection(ProjectConfigurationPlatforms) = postSolution
		{064B8029-B761-43FC-8844-0488E8EF9EEC}.Debug|Any CPU.ActiveCfg = Debug|Any CPU
		{064B8029-B761-43FC-8844-0488E8EF9EEC}.Debug|Any CPU.Build.0 = Debug|Any CPU
		{064B8029-B761-43FC-8844-0488E8EF9EEC}.Debug|Mixed Platforms.ActiveCfg = Debug|Any CPU
		{064B8029-B761-43FC-8844-0488E8EF9EEC}.Debug|Mixed Platforms.Build.0 = Debug|Any CPU
		{064B8029-B761-43FC-8844-0488E8EF9EEC}.Debug|x86.ActiveCfg = Debug|Any CPU
		{064B8029-B761-43FC-8844-0488E8EF9EEC}.Release|Any CPU.ActiveCfg = Release|Any CPU
		{064B8029-B761-43FC-8844-0488E8EF9EEC}.Release|Any CPU.Build.0 = Release|Any CPU
		{064B8029-B761-43FC-8844-0488E8EF9EEC}.Release|Mixed Platforms.ActiveCfg = Release|Any CPU
		{064B8029-B761-43FC-8844-0488E8EF9EEC}.Release|Mixed Platforms.Build.0 = Release|Any CPU
		{064B8029-B761-43FC-8844-0488E8EF9EEC}.Release|x86.ActiveCfg = Release|Any CPU
		{B21FC6C7-3FF3-4AEB-AE94-F0501E54201E}.Debug|Any CPU.ActiveCfg = Debug|Any CPU
		{B21FC6C7-3FF3-4AEB-AE94-F0501E54201E}.Debug|Any CPU.Build.0 = Debug|Any CPU
		{B21FC6C7-3FF3-4AEB-AE94-F0501E54201E}.Debug|Mixed Platforms.ActiveCfg = Debug|Any CPU
		{B21FC6C7-3FF3-4AEB-AE94-F0501E54201E}.Debug|Mixed Platforms.Build.0 = Debug|Any CPU
		{B21FC6C7-3FF3-4AEB-AE94-F0501E54201E}.Debug|x86.ActiveCfg = Debug|Any CPU
		{B21FC6C7-3FF3-4AEB-AE94-F0501E54201E}.Release|Any CPU.ActiveCfg = Release|Any CPU
		{B21FC6C7-3FF3-4AEB-AE94-F0501E54201E}.Release|Any CPU.Build.0 = Release|Any CPU
		{B21FC6C7-3FF3-4AEB-AE94-F0501E54201E}.Release|Mixed Platforms.ActiveCfg = Release|Any CPU
		{B21FC6C7-3FF3-4AEB-AE94-F0501E54201E}.Release|Mixed Platforms.Build.0 = Release|Any CPU
		{B21FC6C7-3FF3-4AEB-AE94-F0501E54201E}.Release|x86.ActiveCfg = Release|Any CPU
		{B4234A52-83A2-4FCE-91BD-25F7D9485AC6}.Debug|Any CPU.ActiveCfg = Debug|Any CPU
		{B4234A52-83A2-4FCE-91BD-25F7D9485AC6}.Debug|Any CPU.Build.0 = Debug|Any CPU
		{B4234A52-83A2-4FCE-91BD-25F7D9485AC6}.Debug|Mixed Platforms.ActiveCfg = Debug|Any CPU
		{B4234A52-83A2-4FCE-91BD-25F7D9485AC6}.Debug|Mixed Platforms.Build.0 = Debug|Any CPU
		{B4234A52-83A2-4FCE-91BD-25F7D9485AC6}.Debug|x86.ActiveCfg = Debug|Any CPU
		{B4234A52-83A2-4FCE-91BD-25F7D9485AC6}.Release|Any CPU.ActiveCfg = Release|Any CPU
		{B4234A52-83A2-4FCE-91BD-25F7D9485AC6}.Release|Any CPU.Build.0 = Release|Any CPU
		{B4234A52-83A2-4FCE-91BD-25F7D9485AC6}.Release|Mixed Platforms.ActiveCfg = Release|Any CPU
		{B4234A52-83A2-4FCE-91BD-25F7D9485AC6}.Release|Mixed Platforms.Build.0 = Release|Any CPU
		{B4234A52-83A2-4FCE-91BD-25F7D9485AC6}.Release|x86.ActiveCfg = Release|Any CPU
		{75155A5B-0333-4078-942A-ABEBE1F8EA25}.Debug|Any CPU.ActiveCfg = Debug|Any CPU
		{75155A5B-0333-4078-942A-ABEBE1F8EA25}.Debug|Any CPU.Build.0 = Debug|Any CPU
		{75155A5B-0333-4078-942A-ABEBE1F8EA25}.Debug|Mixed Platforms.ActiveCfg = Debug|Any CPU
		{75155A5B-0333-4078-942A-ABEBE1F8EA25}.Debug|Mixed Platforms.Build.0 = Debug|Any CPU
		{75155A5B-0333-4078-942A-ABEBE1F8EA25}.Debug|x86.ActiveCfg = Debug|Any CPU
		{75155A5B-0333-4078-942A-ABEBE1F8EA25}.Release|Any CPU.ActiveCfg = Release|Any CPU
		{75155A5B-0333-4078-942A-ABEBE1F8EA25}.Release|Any CPU.Build.0 = Release|Any CPU
		{75155A5B-0333-4078-942A-ABEBE1F8EA25}.Release|Mixed Platforms.ActiveCfg = Release|Any CPU
		{75155A5B-0333-4078-942A-ABEBE1F8EA25}.Release|Mixed Platforms.Build.0 = Release|Any CPU
		{75155A5B-0333-4078-942A-ABEBE1F8EA25}.Release|x86.ActiveCfg = Release|Any CPU
		{FA7F9296-BC86-456C-99BF-257AE8D74CCB}.Debug|Any CPU.ActiveCfg = Debug|Any CPU
		{FA7F9296-BC86-456C-99BF-257AE8D74CCB}.Debug|Any CPU.Build.0 = Debug|Any CPU
		{FA7F9296-BC86-456C-99BF-257AE8D74CCB}.Debug|Mixed Platforms.ActiveCfg = Debug|Any CPU
		{FA7F9296-BC86-456C-99BF-257AE8D74CCB}.Debug|Mixed Platforms.Build.0 = Debug|Any CPU
		{FA7F9296-BC86-456C-99BF-257AE8D74CCB}.Debug|x86.ActiveCfg = Debug|Any CPU
		{FA7F9296-BC86-456C-99BF-257AE8D74CCB}.Release|Any CPU.ActiveCfg = Release|Any CPU
		{FA7F9296-BC86-456C-99BF-257AE8D74CCB}.Release|Any CPU.Build.0 = Release|Any CPU
		{FA7F9296-BC86-456C-99BF-257AE8D74CCB}.Release|Mixed Platforms.ActiveCfg = Release|Any CPU
		{FA7F9296-BC86-456C-99BF-257AE8D74CCB}.Release|Mixed Platforms.Build.0 = Release|Any CPU
		{FA7F9296-BC86-456C-99BF-257AE8D74CCB}.Release|x86.ActiveCfg = Release|Any CPU
		{4605DC36-69FC-44DD-85BF-7648C476B004}.Debug|Any CPU.ActiveCfg = Debug|Any CPU
		{4605DC36-69FC-44DD-85BF-7648C476B004}.Debug|Any CPU.Build.0 = Debug|Any CPU
		{4605DC36-69FC-44DD-85BF-7648C476B004}.Debug|Mixed Platforms.ActiveCfg = Debug|Any CPU
		{4605DC36-69FC-44DD-85BF-7648C476B004}.Debug|Mixed Platforms.Build.0 = Debug|Any CPU
		{4605DC36-69FC-44DD-85BF-7648C476B004}.Debug|x86.ActiveCfg = Debug|Any CPU
		{4605DC36-69FC-44DD-85BF-7648C476B004}.Release|Any CPU.ActiveCfg = Release|Any CPU
		{4605DC36-69FC-44DD-85BF-7648C476B004}.Release|Any CPU.Build.0 = Release|Any CPU
		{4605DC36-69FC-44DD-85BF-7648C476B004}.Release|Mixed Platforms.ActiveCfg = Release|Any CPU
		{4605DC36-69FC-44DD-85BF-7648C476B004}.Release|Mixed Platforms.Build.0 = Release|Any CPU
		{4605DC36-69FC-44DD-85BF-7648C476B004}.Release|x86.ActiveCfg = Release|Any CPU
	EndGlobalSection
	GlobalSection(SolutionProperties) = preSolution
		HideSolutionNode = FALSE
	EndGlobalSection
	GlobalSection(NestedProjects) = preSolution
		{FA7F9296-BC86-456C-99BF-257AE8D74CCB} = {892054EE-DA1B-4BDE-A38E-F1A3233A36C4}
		{4605DC36-69FC-44DD-85BF-7648C476B004} = {892054EE-DA1B-4BDE-A38E-F1A3233A36C4}
	EndGlobalSection
EndGlobal
